
Microsoft Visual Studio Solution File, Format Version 12.00
# Visual Studio 15
VisualStudioVersion = 15.0.27703.2042
MinimumVisualStudioVersion = 10.0.40219.1
Project("{FAE04EC0-301F-11D3-BF4B-00C04F79EFBC}") = "TungstenBlog.Web", "TungstenBlog.Web\TungstenBlog.Web.csproj", "{262321BF-C6EF-40A8-B93B-4265EB7CCA60}"
EndProject
Project("{FAE04EC0-301F-11D3-BF4B-00C04F79EFBC}") = "TungstenBlog.Tests", "TungstenBlog.Tests\TungstenBlog.Tests.csproj", "{BDCDFB5B-0732-401F-94B0-6C5032111EE9}"
EndProject
Project("{FAE04EC0-301F-11D3-BF4B-00C04F79EFBC}") = "ThugstenBlog.Service", "ThugstenBlog.Service\ThugstenBlog.Service.csproj", "{5ACD780A-86AE-44BB-ABCB-8F024BC3C315}"
EndProject
Global
	GlobalSection(SolutionConfigurationPlatforms) = preSolution
		Debug|Any CPU = Debug|Any CPU
		Release|Any CPU = Release|Any CPU
	EndGlobalSection
	GlobalSection(ProjectConfigurationPlatforms) = postSolution
		{262321BF-C6EF-40A8-B93B-4265EB7CCA60}.Debug|Any CPU.ActiveCfg = Debug|Any CPU
		{262321BF-C6EF-40A8-B93B-4265EB7CCA60}.Debug|Any CPU.Build.0 = Debug|Any CPU
		{262321BF-C6EF-40A8-B93B-4265EB7CCA60}.Release|Any CPU.ActiveCfg = Release|Any CPU
		{262321BF-C6EF-40A8-B93B-4265EB7CCA60}.Release|Any CPU.Build.0 = Release|Any CPU
		{BDCDFB5B-0732-401F-94B0-6C5032111EE9}.Debug|Any CPU.ActiveCfg = Debug|Any CPU
		{BDCDFB5B-0732-401F-94B0-6C5032111EE9}.Debug|Any CPU.Build.0 = Debug|Any CPU
		{BDCDFB5B-0732-401F-94B0-6C5032111EE9}.Release|Any CPU.ActiveCfg = Release|Any CPU
		{BDCDFB5B-0732-401F-94B0-6C5032111EE9}.Release|Any CPU.Build.0 = Release|Any CPU
		{5ACD780A-86AE-44BB-ABCB-8F024BC3C315}.Debug|Any CPU.ActiveCfg = Debug|Any CPU
		{5ACD780A-86AE-44BB-ABCB-8F024BC3C315}.Debug|Any CPU.Build.0 = Debug|Any CPU
		{5ACD780A-86AE-44BB-ABCB-8F024BC3C315}.Release|Any CPU.ActiveCfg = Release|Any CPU
		{5ACD780A-86AE-44BB-ABCB-8F024BC3C315}.Release|Any CPU.Build.0 = Release|Any CPU
	EndGlobalSection
	GlobalSection(SolutionProperties) = preSolution
		HideSolutionNode = FALSE
	EndGlobalSection
	GlobalSection(ExtensibilityGlobals) = postSolution
		SolutionGuid = {8850C2E9-FD1D-4F21-AB59-7738248DAA17}
	EndGlobalSection
EndGlobal
